
Microsoft Visual Studio Solution File, Format Version 12.00
# Visual Studio Version 16
VisualStudioVersion = 16.0.30804.86
MinimumVisualStudioVersion = 10.0.40219.1
Project("{FAE04EC0-301F-11D3-BF4B-00C04F79EFBC}") = "EmployeeManagement", "EmployeeManagement\EmployeeManagement.csproj", "{770A3995-F06A-4B59-B9DE-9FBC0D2450D0}"
EndProject
Global
	GlobalSection(SolutionConfigurationPlatforms) = preSolution
		Debug|Any CPU = Debug|Any CPU
		Release|Any CPU = Release|Any CPU
	EndGlobalSection
	GlobalSection(ProjectConfigurationPlatforms) = postSolution
		{770A3995-F06A-4B59-B9DE-9FBC0D2450D0}.Debug|Any CPU.ActiveCfg = Debug|Any CPU
		{770A3995-F06A-4B59-B9DE-9FBC0D2450D0}.Debug|Any CPU.Build.0 = Debug|Any CPU
		{770A3995-F06A-4B59-B9DE-9FBC0D2450D0}.Release|Any CPU.ActiveCfg = Release|Any CPU
		{770A3995-F06A-4B59-B9DE-9FBC0D2450D0}.Release|Any CPU.Build.0 = Release|Any CPU
	EndGlobalSection
	GlobalSection(SolutionProperties) = preSolution
		HideSolutionNode = FALSE
	EndGlobalSection
	GlobalSection(ExtensibilityGlobals) = postSolution
		SolutionGuid = {3715A01C-4E0A-4570-8107-2D784FCE7B68}
	EndGlobalSection
EndGlobal
